
Microsoft Visual Studio Solution File, Format Version 12.00
# Visual Studio Version 17
VisualStudioVersion = 17.14.36429.23 d17.14
MinimumVisualStudioVersion = 10.0.40219.1
Project("{2150E333-8FDC-42A3-9474-1A3956D46DE8}") = "Task0", "Task0", "{02EA681E-C7D8-13C7-8484-4AC65E1B71E8}"
EndProject
Project("{FAE04EC0-301F-11D3-BF4B-00C04F79EFBC}") = "Tyuiu.BarminaSK.Sprint3.Task0.V20", "Tyuiu.BarminaSK.Sprint3.Task0.V20\Tyuiu.BarminaSK.Sprint3.Task0.V20.csproj", "{A750C80E-2956-4099-B715-06373282ECD6}"
EndProject
Project("{FAE04EC0-301F-11D3-BF4B-00C04F79EFBC}") = "Tyuiu.BarminaSK.Sprint3.Task0.V20.Lib", "Tyuiu.BarminaSK.Sprint3.Task0.V20.Lib\Tyuiu.BarminaSK.Sprint3.Task0.V20.Lib.csproj", "{0D4FFF49-5475-4873-B12F-3240E34BF635}"
EndProject
Project("{FAE04EC0-301F-11D3-BF4B-00C04F79EFBC}") = "Tyuiu.BarminaSK.Sprint3.Task0.V20.Test", "Tyuiu.BarminaSK.Sprint3.Task0.V20.Test\Tyuiu.BarminaSK.Sprint3.Task0.V20.Test.csproj", "{7C4F712B-B315-4063-B57D-A6E983099505}"
EndProject
Project("{2150E333-8FDC-42A3-9474-1A3956D46DE8}") = "Task1", "Task1", "{D494A2B2-0DF9-47BF-AE9C-89A7BC798C89}"
EndProject
Project("{FAE04EC0-301F-11D3-BF4B-00C04F79EFBC}") = "Tyuiu.BarminaSK.Sprint3.Task1.V25", "Tyuiu.BarminaSK.Sprint3.Task1.V25\Tyuiu.BarminaSK.Sprint3.Task1.V25.csproj", "{00F793C4-27CC-474B-BF63-169DD1C73B66}"
EndProject
Project("{FAE04EC0-301F-11D3-BF4B-00C04F79EFBC}") = "Tyuiu.BarminaSK.Sprint3.Task1.V25.Lib", "Tyuiu.BarminaSK.Sprint3.Task1.V25.Lib\Tyuiu.BarminaSK.Sprint3.Task1.V25.Lib.csproj", "{7304D3F5-24ED-4E12-8960-E66081BEEA3B}"
EndProject
Project("{FAE04EC0-301F-11D3-BF4B-00C04F79EFBC}") = "Tyuiu.BarminaSK.Sprint3.Task1.V25.Test", "Tyuiu.BarminaSK.Sprint3.Task1.V25.Test\Tyuiu.BarminaSK.Sprint3.Task1.V25.Test.csproj", "{7CCF1E3E-348F-4209-8C20-57D36AF93459}"
EndProject
Project("{2150E333-8FDC-42A3-9474-1A3956D46DE8}") = "Task2", "Task2", "{E06ACBBA-9F5F-4DB0-8DC1-9051A5C0D060}"
EndProject
Project("{2150E333-8FDC-42A3-9474-1A3956D46DE8}") = "Task3", "Task3", "{989E97D6-83C0-4891-8B74-1A97F6ADAE3E}"
EndProject
Project("{FAE04EC0-301F-11D3-BF4B-00C04F79EFBC}") = "Tyuiu.BarminaSK.Sprint3.Task2.V18", "Tyuiu.BarminaSK.Sprint3.Task2.V18\Tyuiu.BarminaSK.Sprint3.Task2.V18.csproj", "{B898E81B-0F90-4894-996F-1A50E960A666}"
EndProject
Project("{FAE04EC0-301F-11D3-BF4B-00C04F79EFBC}") = "Tyuiu.BarminaSK.Sprint3.Task2.V18.Lib", "Tyuiu.BarminaSK.Sprint3.Task2.V18.Lib\Tyuiu.BarminaSK.Sprint3.Task2.V18.Lib.csproj", "{A12B98D5-B080-4EB1-8D9F-03C735222D91}"
EndProject
Project("{FAE04EC0-301F-11D3-BF4B-00C04F79EFBC}") = "Tyuiu.BarminaSK.Sprint3.Task2.V18.Test", "Tyuiu.BarminaSK.Sprint3.Task2.V18.Test\Tyuiu.BarminaSK.Sprint3.Task2.V18.Test.csproj", "{6D4578C8-D3DB-4012-AA1D-1F198BD9C619}"
EndProject
Project("{FAE04EC0-301F-11D3-BF4B-00C04F79EFBC}") = "Tyuiu.BarminaSK.Sprint3.Task3.V4", "Tyuiu.BarminaSK.Sprint3.Task3.V4\Tyuiu.BarminaSK.Sprint3.Task3.V4.csproj", "{70F65A98-5547-4E96-9575-27538C88B98A}"
EndProject
Project("{FAE04EC0-301F-11D3-BF4B-00C04F79EFBC}") = "Tyuiu.BarminaSK.Sprint3.Task3.V4.Lib", "Tyuiu.BarminaSK.Sprint3.Task3.V4.Lib\Tyuiu.BarminaSK.Sprint3.Task3.V4.Lib.csproj", "{024F139E-02A1-446B-B8BB-F960944F72D1}"
EndProject
Project("{FAE04EC0-301F-11D3-BF4B-00C04F79EFBC}") = "Tyuiu.BarminaSK.Sprint3.Task3.V4.Test", "Tyuiu.BarminaSK.Sprint3.Task3.V4.Test\Tyuiu.BarminaSK.Sprint3.Task3.V4.Test.csproj", "{51C0744D-166B-4F2F-8B8F-7F87A96E53A4}"
EndProject
Global
	GlobalSection(SolutionConfigurationPlatforms) = preSolution
		Debug|Any CPU = Debug|Any CPU
		Release|Any CPU = Release|Any CPU
	EndGlobalSection
	GlobalSection(ProjectConfigurationPlatforms) = postSolution
		{A750C80E-2956-4099-B715-06373282ECD6}.Debug|Any CPU.ActiveCfg = Debug|Any CPU
		{A750C80E-2956-4099-B715-06373282ECD6}.Debug|Any CPU.Build.0 = Debug|Any CPU
		{A750C80E-2956-4099-B715-06373282ECD6}.Release|Any CPU.ActiveCfg = Release|Any CPU
		{A750C80E-2956-4099-B715-06373282ECD6}.Release|Any CPU.Build.0 = Release|Any CPU
		{0D4FFF49-5475-4873-B12F-3240E34BF635}.Debug|Any CPU.ActiveCfg = Debug|Any CPU
		{0D4FFF49-5475-4873-B12F-3240E34BF635}.Debug|Any CPU.Build.0 = Debug|Any CPU
		{0D4FFF49-5475-4873-B12F-3240E34BF635}.Release|Any CPU.ActiveCfg = Release|Any CPU
		{0D4FFF49-5475-4873-B12F-3240E34BF635}.Release|Any CPU.Build.0 = Release|Any CPU
		{7C4F712B-B315-4063-B57D-A6E983099505}.Debug|Any CPU.ActiveCfg = Debug|Any CPU
		{7C4F712B-B315-4063-B57D-A6E983099505}.Debug|Any CPU.Build.0 = Debug|Any CPU
		{7C4F712B-B315-4063-B57D-A6E983099505}.Release|Any CPU.ActiveCfg = Release|Any CPU
		{7C4F712B-B315-4063-B57D-A6E983099505}.Release|Any CPU.Build.0 = Release|Any CPU
		{00F793C4-27CC-474B-BF63-169DD1C73B66}.Debug|Any CPU.ActiveCfg = Debug|Any CPU
		{00F793C4-27CC-474B-BF63-169DD1C73B66}.Debug|Any CPU.Build.0 = Debug|Any CPU
		{00F793C4-27CC-474B-BF63-169DD1C73B66}.Release|Any CPU.ActiveCfg = Release|Any CPU
		{00F793C4-27CC-474B-BF63-169DD1C73B66}.Release|Any CPU.Build.0 = Release|Any CPU
		{7304D3F5-24ED-4E12-8960-E66081BEEA3B}.Debug|Any CPU.ActiveCfg = Debug|Any CPU
		{7304D3F5-24ED-4E12-8960-E66081BEEA3B}.Debug|Any CPU.Build.0 = Debug|Any CPU
		{7304D3F5-24ED-4E12-8960-E66081BEEA3B}.Release|Any CPU.ActiveCfg = Release|Any CPU
		{7304D3F5-24ED-4E12-8960-E66081BEEA3B}.Release|Any CPU.Build.0 = Release|Any CPU
		{7CCF1E3E-348F-4209-8C20-57D36AF93459}.Debug|Any CPU.ActiveCfg = Debug|Any CPU
		{7CCF1E3E-348F-4209-8C20-57D36AF93459}.Debug|Any CPU.Build.0 = Debug|Any CPU
		{7CCF1E3E-348F-4209-8C20-57D36AF93459}.Release|Any CPU.ActiveCfg = Release|Any CPU
		{7CCF1E3E-348F-4209-8C20-57D36AF93459}.Release|Any CPU.Build.0 = Release|Any CPU
		{B898E81B-0F90-4894-996F-1A50E960A666}.Debug|Any CPU.ActiveCfg = Debug|Any CPU
		{B898E81B-0F90-4894-996F-1A50E960A666}.Debug|Any CPU.Build.0 = Debug|Any CPU
		{B898E81B-0F90-4894-996F-1A50E960A666}.Release|Any CPU.ActiveCfg = Release|Any CPU
		{B898E81B-0F90-4894-996F-1A50E960A666}.Release|Any CPU.Build.0 = Release|Any CPU
		{A12B98D5-B080-4EB1-8D9F-03C735222D91}.Debug|Any CPU.ActiveCfg = Debug|Any CPU
		{A12B98D5-B080-4EB1-8D9F-03C735222D91}.Debug|Any CPU.Build.0 = Debug|Any CPU
		{A12B98D5-B080-4EB1-8D9F-03C735222D91}.Release|Any CPU.ActiveCfg = Release|Any CPU
		{A12B98D5-B080-4EB1-8D9F-03C735222D91}.Release|Any CPU.Build.0 = Release|Any CPU
		{6D4578C8-D3DB-4012-AA1D-1F198BD9C619}.Debug|Any CPU.ActiveCfg = Debug|Any CPU
		{6D4578C8-D3DB-4012-AA1D-1F198BD9C619}.Debug|Any CPU.Build.0 = Debug|Any CPU
		{6D4578C8-D3DB-4012-AA1D-1F198BD9C619}.Release|Any CPU.ActiveCfg = Release|Any CPU
		{6D4578C8-D3DB-4012-AA1D-1F198BD9C619}.Release|Any CPU.Build.0 = Release|Any CPU
		{70F65A98-5547-4E96-9575-27538C88B98A}.Debug|Any CPU.ActiveCfg = Debug|Any CPU
		{70F65A98-5547-4E96-9575-27538C88B98A}.Debug|Any CPU.Build.0 = Debug|Any CPU
		{70F65A98-5547-4E96-9575-27538C88B98A}.Release|Any CPU.ActiveCfg = Release|Any CPU
		{70F65A98-5547-4E96-9575-27538C88B98A}.Release|Any CPU.Build.0 = Release|Any CPU
		{024F139E-02A1-446B-B8BB-F960944F72D1}.Debug|Any CPU.ActiveCfg = Debug|Any CPU
		{024F139E-02A1-446B-B8BB-F960944F72D1}.Debug|Any CPU.Build.0 = Debug|Any CPU
		{024F139E-02A1-446B-B8BB-F960944F72D1}.Release|Any CPU.ActiveCfg = Release|Any CPU
		{024F139E-02A1-446B-B8BB-F960944F72D1}.Release|Any CPU.Build.0 = Release|Any CPU
		{51C0744D-166B-4F2F-8B8F-7F87A96E53A4}.Debug|Any CPU.ActiveCfg = Debug|Any CPU
		{51C0744D-166B-4F2F-8B8F-7F87A96E53A4}.Debug|Any CPU.Build.0 = Debug|Any CPU
		{51C0744D-166B-4F2F-8B8F-7F87A96E53A4}.Release|Any CPU.ActiveCfg = Release|Any CPU
		{51C0744D-166B-4F2F-8B8F-7F87A96E53A4}.Release|Any CPU.Build.0 = Release|Any CPU
	EndGlobalSection
	GlobalSection(SolutionProperties) = preSolution
		HideSolutionNode = FALSE
	EndGlobalSection
	GlobalSection(NestedProjects) = preSolution
		{A750C80E-2956-4099-B715-06373282ECD6} = {02EA681E-C7D8-13C7-8484-4AC65E1B71E8}
		{0D4FFF49-5475-4873-B12F-3240E34BF635} = {02EA681E-C7D8-13C7-8484-4AC65E1B71E8}
		{7C4F712B-B315-4063-B57D-A6E983099505} = {02EA681E-C7D8-13C7-8484-4AC65E1B71E8}
		{00F793C4-27CC-474B-BF63-169DD1C73B66} = {D494A2B2-0DF9-47BF-AE9C-89A7BC798C89}
		{7304D3F5-24ED-4E12-8960-E66081BEEA3B} = {D494A2B2-0DF9-47BF-AE9C-89A7BC798C89}
		{7CCF1E3E-348F-4209-8C20-57D36AF93459} = {D494A2B2-0DF9-47BF-AE9C-89A7BC798C89}
		{B898E81B-0F90-4894-996F-1A50E960A666} = {E06ACBBA-9F5F-4DB0-8DC1-9051A5C0D060}
		{A12B98D5-B080-4EB1-8D9F-03C735222D91} = {E06ACBBA-9F5F-4DB0-8DC1-9051A5C0D060}
		{6D4578C8-D3DB-4012-AA1D-1F198BD9C619} = {E06ACBBA-9F5F-4DB0-8DC1-9051A5C0D060}
		{70F65A98-5547-4E96-9575-27538C88B98A} = {989E97D6-83C0-4891-8B74-1A97F6ADAE3E}
		{024F139E-02A1-446B-B8BB-F960944F72D1} = {989E97D6-83C0-4891-8B74-1A97F6ADAE3E}
		{51C0744D-166B-4F2F-8B8F-7F87A96E53A4} = {989E97D6-83C0-4891-8B74-1A97F6ADAE3E}
	EndGlobalSection
	GlobalSection(ExtensibilityGlobals) = postSolution
		SolutionGuid = {6028366E-CECA-492C-9260-8F9023AD039A}
	EndGlobalSection
EndGlobal
